
Microsoft Visual Studio Solution File, Format Version 12.00
# Visual Studio Version 16
Project("{FAE04EC0-301F-11D3-BF4B-00C04F79EFBC}") = "Blashing.Server", "Blashing.Server\Blashing.Server.csproj", "{8D700905-51DC-462B-859B-D9A0F0AE826C}"
EndProject
Project("{FAE04EC0-301F-11D3-BF4B-00C04F79EFBC}") = "Blashing.Core", "Blashing.Core\Blashing.Core.csproj", "{24A83C51-AC4E-4012-B7F7-96DF906DD959}"
EndProject
Project("{FAE04EC0-301F-11D3-BF4B-00C04F79EFBC}") = "Blashing.Core.Tests", "Blashing.Core.Tests\Blashing.Core.Tests.csproj", "{4A7A9E14-B378-4203-970B-7486D3D1888C}"
EndProject
Project("{FAE04EC0-301F-11D3-BF4B-00C04F79EFBC}") = "Blashing.Client", "Blashing.Client\Blashing.Client.csproj", "{77BD090A-0069-4437-A6DF-AF0E802EF36C}"
EndProject
Global
	GlobalSection(SolutionConfigurationPlatforms) = preSolution
		Debug|Any CPU = Debug|Any CPU
		Release|Any CPU = Release|Any CPU
	EndGlobalSection
	GlobalSection(ProjectConfigurationPlatforms) = postSolution
		{8D700905-51DC-462B-859B-D9A0F0AE826C}.Debug|Any CPU.ActiveCfg = Debug|Any CPU
		{8D700905-51DC-462B-859B-D9A0F0AE826C}.Debug|Any CPU.Build.0 = Debug|Any CPU
		{8D700905-51DC-462B-859B-D9A0F0AE826C}.Release|Any CPU.ActiveCfg = Release|Any CPU
		{8D700905-51DC-462B-859B-D9A0F0AE826C}.Release|Any CPU.Build.0 = Release|Any CPU
		{24A83C51-AC4E-4012-B7F7-96DF906DD959}.Debug|Any CPU.ActiveCfg = Debug|Any CPU
		{24A83C51-AC4E-4012-B7F7-96DF906DD959}.Debug|Any CPU.Build.0 = Debug|Any CPU
		{24A83C51-AC4E-4012-B7F7-96DF906DD959}.Release|Any CPU.ActiveCfg = Release|Any CPU
		{24A83C51-AC4E-4012-B7F7-96DF906DD959}.Release|Any CPU.Build.0 = Release|Any CPU
		{4A7A9E14-B378-4203-970B-7486D3D1888C}.Debug|Any CPU.ActiveCfg = Debug|Any CPU
		{4A7A9E14-B378-4203-970B-7486D3D1888C}.Debug|Any CPU.Build.0 = Debug|Any CPU
		{4A7A9E14-B378-4203-970B-7486D3D1888C}.Release|Any CPU.ActiveCfg = Release|Any CPU
		{4A7A9E14-B378-4203-970B-7486D3D1888C}.Release|Any CPU.Build.0 = Release|Any CPU
		{77BD090A-0069-4437-A6DF-AF0E802EF36C}.Debug|Any CPU.ActiveCfg = Debug|Any CPU
		{77BD090A-0069-4437-A6DF-AF0E802EF36C}.Debug|Any CPU.Build.0 = Debug|Any CPU
		{77BD090A-0069-4437-A6DF-AF0E802EF36C}.Release|Any CPU.ActiveCfg = Release|Any CPU
		{77BD090A-0069-4437-A6DF-AF0E802EF36C}.Release|Any CPU.Build.0 = Release|Any CPU
	EndGlobalSection
EndGlobal
