Microsoft Visual Studio Solution File, Format Version 12.00
# Visual Studio Version 17
VisualStudioVersion = 17.6.33712.159
MinimumVisualStudioVersion = 10.0.40219.1
Project("{9A19103F-16F7-4668-BE54-9A1E7A4F7556}") = "Blashing.Server", "Blashing.Server\Blashing.Server.csproj", "{8D700905-51DC-462B-859B-D9A0F0AE826C}"
EndProject
Project("{9A19103F-16F7-4668-BE54-9A1E7A4F7556}") = "Blashing.Core", "Blashing.Core\Blashing.Core.csproj", "{24A83C51-AC4E-4012-B7F7-96DF906DD959}"
EndProject
Project("{9A19103F-16F7-4668-BE54-9A1E7A4F7556}") = "Blashing.Core.Tests", "Blashing.Core.Tests\Blashing.Core.Tests.csproj", "{4A7A9E14-B378-4203-970B-7486D3D1888C}"
EndProject
Project("{9A19103F-16F7-4668-BE54-9A1E7A4F7556}") = "Blashing.Client", "Blashing.Client\Blashing.Client.csproj", "{77BD090A-0069-4437-A6DF-AF0E802EF36C}"
EndProject
Project("{2150E333-8FDC-42A3-9474-1A3956D46DE8}") = "GitHub", "GitHub", "{5FC49982-D13C-47B9-A1D7-933224EF09E5}"
	ProjectSection(SolutionItems) = preProject
		..\.github\workflows\build-test.yml = ..\.github\workflows\build-test.yml
		..\.github\workflows\deploy-site.yml = ..\.github\workflows\deploy-site.yml
	EndProjectSection
EndProject
Project("{FAE04EC0-301F-11D3-BF4B-00C04F79EFBC}") = "Blashing.Stories", "Blashing.Stories\Blashing.Stories.csproj", "{DF1D8E85-EB47-4A19-89A4-417D49501DA4}"
EndProject
Project("{2150E333-8FDC-42A3-9474-1A3956D46DE8}") = "Docs", "Docs", "{AE0D0A56-13D2-4D88-A8F9-31AFFE94A698}"
	ProjectSection(SolutionItems) = preProject
		..\README.md = ..\README.md
		..\docs\README.md = ..\docs\README.md
	EndProjectSection
EndProject
Project("{FAE04EC0-301F-11D3-BF4B-00C04F79EFBC}") = "Blashing.Shared", "Blashing.Shared\Blashing.Shared.csproj", "{89A9874A-B0E1-446C-9A82-1A6FD842136E}"
EndProject
Project("{FAE04EC0-301F-11D3-BF4B-00C04F79EFBC}") = "Blashing.Widgets", "Blashing.Widgets\Blashing.Widgets.csproj", "{CE6704C6-7140-44BC-9E02-55A8FCBE8055}"
EndProject
Project("{FAE04EC0-301F-11D3-BF4B-00C04F79EFBC}") = "Blashing.Widgets.Tests", "Blashing.Widgets.Tests\Blashing.Widgets.Tests.csproj", "{F04D9F6D-936A-4D2B-AD36-E0B86BCD502E}"
EndProject
Project("{2150E333-8FDC-42A3-9474-1A3956D46DE8}") = "Tests", "Tests", "{275F7683-E030-4EB3-82E3-1C25072A01C7}"
EndProject
Project("{2150E333-8FDC-42A3-9474-1A3956D46DE8}") = "Site", "Site", "{078E0CC9-6718-4FC2-AF17-F6E3D5D861EE}"
EndProject
Global
	GlobalSection(SolutionConfigurationPlatforms) = preSolution
		Debug|Any CPU = Debug|Any CPU
		Release|Any CPU = Release|Any CPU
	EndGlobalSection
	GlobalSection(ProjectConfigurationPlatforms) = postSolution
		{8D700905-51DC-462B-859B-D9A0F0AE826C}.Debug|Any CPU.ActiveCfg = Debug|Any CPU
		{8D700905-51DC-462B-859B-D9A0F0AE826C}.Debug|Any CPU.Build.0 = Debug|Any CPU
		{8D700905-51DC-462B-859B-D9A0F0AE826C}.Release|Any CPU.ActiveCfg = Release|Any CPU
		{8D700905-51DC-462B-859B-D9A0F0AE826C}.Release|Any CPU.Build.0 = Release|Any CPU
		{24A83C51-AC4E-4012-B7F7-96DF906DD959}.Debug|Any CPU.ActiveCfg = Debug|Any CPU
		{24A83C51-AC4E-4012-B7F7-96DF906DD959}.Debug|Any CPU.Build.0 = Debug|Any CPU
		{24A83C51-AC4E-4012-B7F7-96DF906DD959}.Release|Any CPU.ActiveCfg = Release|Any CPU
		{24A83C51-AC4E-4012-B7F7-96DF906DD959}.Release|Any CPU.Build.0 = Release|Any CPU
		{4A7A9E14-B378-4203-970B-7486D3D1888C}.Debug|Any CPU.ActiveCfg = Debug|Any CPU
		{4A7A9E14-B378-4203-970B-7486D3D1888C}.Debug|Any CPU.Build.0 = Debug|Any CPU
		{4A7A9E14-B378-4203-970B-7486D3D1888C}.Release|Any CPU.ActiveCfg = Release|Any CPU
		{4A7A9E14-B378-4203-970B-7486D3D1888C}.Release|Any CPU.Build.0 = Release|Any CPU
		{77BD090A-0069-4437-A6DF-AF0E802EF36C}.Debug|Any CPU.ActiveCfg = Debug|Any CPU
		{77BD090A-0069-4437-A6DF-AF0E802EF36C}.Debug|Any CPU.Build.0 = Debug|Any CPU
		{77BD090A-0069-4437-A6DF-AF0E802EF36C}.Release|Any CPU.ActiveCfg = Release|Any CPU
		{77BD090A-0069-4437-A6DF-AF0E802EF36C}.Release|Any CPU.Build.0 = Release|Any CPU
		{DF1D8E85-EB47-4A19-89A4-417D49501DA4}.Debug|Any CPU.ActiveCfg = Debug|Any CPU
		{DF1D8E85-EB47-4A19-89A4-417D49501DA4}.Debug|Any CPU.Build.0 = Debug|Any CPU
		{DF1D8E85-EB47-4A19-89A4-417D49501DA4}.Release|Any CPU.ActiveCfg = Release|Any CPU
		{DF1D8E85-EB47-4A19-89A4-417D49501DA4}.Release|Any CPU.Build.0 = Release|Any CPU
		{89A9874A-B0E1-446C-9A82-1A6FD842136E}.Debug|Any CPU.ActiveCfg = Debug|Any CPU
		{89A9874A-B0E1-446C-9A82-1A6FD842136E}.Debug|Any CPU.Build.0 = Debug|Any CPU
		{89A9874A-B0E1-446C-9A82-1A6FD842136E}.Release|Any CPU.ActiveCfg = Release|Any CPU
		{89A9874A-B0E1-446C-9A82-1A6FD842136E}.Release|Any CPU.Build.0 = Release|Any CPU
		{CE6704C6-7140-44BC-9E02-55A8FCBE8055}.Debug|Any CPU.ActiveCfg = Debug|Any CPU
		{CE6704C6-7140-44BC-9E02-55A8FCBE8055}.Debug|Any CPU.Build.0 = Debug|Any CPU
		{CE6704C6-7140-44BC-9E02-55A8FCBE8055}.Release|Any CPU.ActiveCfg = Release|Any CPU
		{CE6704C6-7140-44BC-9E02-55A8FCBE8055}.Release|Any CPU.Build.0 = Release|Any CPU
		{F04D9F6D-936A-4D2B-AD36-E0B86BCD502E}.Debug|Any CPU.ActiveCfg = Debug|Any CPU
		{F04D9F6D-936A-4D2B-AD36-E0B86BCD502E}.Debug|Any CPU.Build.0 = Debug|Any CPU
		{F04D9F6D-936A-4D2B-AD36-E0B86BCD502E}.Release|Any CPU.ActiveCfg = Release|Any CPU
		{F04D9F6D-936A-4D2B-AD36-E0B86BCD502E}.Release|Any CPU.Build.0 = Release|Any CPU
	EndGlobalSection
	GlobalSection(SolutionProperties) = preSolution
		HideSolutionNode = FALSE
	EndGlobalSection
	GlobalSection(ExtensibilityGlobals) = postSolution
		SolutionGuid = {BE3C6A07-AFDA-426F-AE53-607B3D9990A4}
	EndGlobalSection
	GlobalSection(NestedProjects) = preSolution
		{F04D9F6D-936A-4D2B-AD36-E0B86BCD502E} = {275F7683-E030-4EB3-82E3-1C25072A01C7}
		{4A7A9E14-B378-4203-970B-7486D3D1888C} = {275F7683-E030-4EB3-82E3-1C25072A01C7}
		{89A9874A-B0E1-446C-9A82-1A6FD842136E} = {078E0CC9-6718-4FC2-AF17-F6E3D5D861EE}
		{8D700905-51DC-462B-859B-D9A0F0AE826C} = {078E0CC9-6718-4FC2-AF17-F6E3D5D861EE}
		{77BD090A-0069-4437-A6DF-AF0E802EF36C} = {078E0CC9-6718-4FC2-AF17-F6E3D5D861EE}
		{DF1D8E85-EB47-4A19-89A4-417D49501DA4} = {078E0CC9-6718-4FC2-AF17-F6E3D5D861EE}
	EndGlobalSection
EndGlobal
